// !$*UTF8*$!
{
	archiveVersion = 1;
	classes = {
	};
	objectVersion = 46;
	objects = {

/* Begin PBXBuildFile section */
		4662DAD819587AE10087CA99 /* Foundation.framework in Frameworks */ = {isa = PBXBuildFile; fileRef = 4662DAD719587AE10087CA99 /* Foundation.framework */; };
		4662DADA19587AE10087CA99 /* CoreGraphics.framework in Frameworks */ = {isa = PBXBuildFile; fileRef = 4662DAD919587AE10087CA99 /* CoreGraphics.framework */; };
		4662DADC19587AE10087CA99 /* UIKit.framework in Frameworks */ = {isa = PBXBuildFile; fileRef = 4662DADB19587AE10087CA99 /* UIKit.framework */; };
		4662DAE219587AE10087CA99 /* InfoPlist.strings in Resources */ = {isa = PBXBuildFile; fileRef = 4662DAE019587AE10087CA99 /* InfoPlist.strings */; };
		4662DAE419587AE10087CA99 /* main.m in Sources */ = {isa = PBXBuildFile; fileRef = 4662DAE319587AE10087CA99 /* main.m */; };
		4662DAE819587AE10087CA99 /* AppDelegate.m in Sources */ = {isa = PBXBuildFile; fileRef = 4662DAE719587AE10087CA99 /* AppDelegate.m */; };
		4662DAEA19587AE10087CA99 /* Images.xcassets in Resources */ = {isa = PBXBuildFile; fileRef = 4662DAE919587AE10087CA99 /* Images.xcassets */; };
		4662DB0819587B4C0087CA99 /* WaterfallLayout.m in Sources */ = {isa = PBXBuildFile; fileRef = 4662DB0719587B4C0087CA99 /* WaterfallLayout.m */; };
		4662DB0B19587BE20087CA99 /* ViewController.m in Sources */ = {isa = PBXBuildFile; fileRef = 4662DB0A19587BE20087CA99 /* ViewController.m */; };
/* End PBXBuildFile section */

/* Begin PBXFileReference section */
		4662DAD419587AE10087CA99 /* WaterfallLayout.app */ = {isa = PBXFileReference; explicitFileType = wrapper.application; includeInIndex = 0; path = WaterfallLayout.app; sourceTree = BUILT_PRODUCTS_DIR; };
		4662DAD719587AE10087CA99 /* Foundation.framework */ = {isa = PBXFileReference; lastKnownFileType = wrapper.framework; name = Foundation.framework; path = System/Library/Frameworks/Foundation.framework; sourceTree = SDKROOT; };
		4662DAD919587AE10087CA99 /* CoreGraphics.framework */ = {isa = PBXFileReference; lastKnownFileType = wrapper.framework; name = CoreGraphics.framework; path = System/Library/Frameworks/CoreGraphics.framework; sourceTree = SDKROOT; };
		4662DADB19587AE10087CA99 /* UIKit.framework */ = {isa = PBXFileReference; lastKnownFileType = wrapper.framework; name = UIKit.framework; path = System/Library/Frameworks/UIKit.framework; sourceTree = SDKROOT; };
		4662DADF19587AE10087CA99 /* WaterfallLayout-Info.plist */ = {isa = PBXFileReference; lastKnownFileType = text.plist.xml; path = "WaterfallLayout-Info.plist"; sourceTree = "<group>"; };
		4662DAE119587AE10087CA99 /* en */ = {isa = PBXFileReference; lastKnownFileType = text.plist.strings; name = en; path = en.lproj/InfoPlist.strings; sourceTree = "<group>"; };
		4662DAE319587AE10087CA99 /* main.m */ = {isa = PBXFileReference; lastKnownFileType = sourcecode.c.objc; path = main.m; sourceTree = "<group>"; };
		4662DAE519587AE10087CA99 /* WaterfallLayout-Prefix.pch */ = {isa = PBXFileReference; lastKnownFileType = sourcecode.c.h; path = "WaterfallLayout-Prefix.pch"; sourceTree = "<group>"; };
		4662DAE619587AE10087CA99 /* AppDelegate.h */ = {isa = PBXFileReference; lastKnownFileType = sourcecode.c.h; path = AppDelegate.h; sourceTree = "<group>"; };
		4662DAE719587AE10087CA99 /* AppDelegate.m */ = {isa = PBXFileReference; lastKnownFileType = sourcecode.c.objc; path = AppDelegate.m; sourceTree = "<group>"; };
		4662DAE919587AE10087CA99 /* Images.xcassets */ = {isa = PBXFileReference; lastKnownFileType = folder.assetcatalog; path = Images.xcassets; sourceTree = "<group>"; };
		4662DAF019587AE10087CA99 /* XCTest.framework */ = {isa = PBXFileReference; lastKnownFileType = wrapper.framework; name = XCTest.framework; path = Library/Frameworks/XCTest.framework; sourceTree = DEVELOPER_DIR; };
		4662DB0619587B4C0087CA99 /* WaterfallLayout.h */ = {isa = PBXFileReference; fileEncoding = 4; lastKnownFileType = sourcecode.c.h; path = WaterfallLayout.h; sourceTree = "<group>"; };
		4662DB0719587B4C0087CA99 /* WaterfallLayout.m */ = {isa = PBXFileReference; fileEncoding = 4; lastKnownFileType = sourcecode.c.objc; path = WaterfallLayout.m; sourceTree = "<group>"; };
		4662DB0919587BE20087CA99 /* ViewController.h */ = {isa = PBXFileReference; fileEncoding = 4; lastKnownFileType = sourcecode.c.h; path = ViewController.h; sourceTree = "<group>"; };
		4662DB0A19587BE20087CA99 /* ViewController.m */ = {isa = PBXFileReference; fileEncoding = 4; lastKnownFileType = sourcecode.c.objc; path = ViewController.m; sourceTree = "<group>"; };
/* End PBXFileReference section */

/* Begin PBXFrameworksBuildPhase section */
		4662DAD119587AE10087CA99 /* Frameworks */ = {
			isa = PBXFrameworksBuildPhase;
			buildActionMask = 2147483647;
			files = (
				4662DADA19587AE10087CA99 /* CoreGraphics.framework in Frameworks */,
				4662DADC19587AE10087CA99 /* UIKit.framework in Frameworks */,
				4662DAD819587AE10087CA99 /* Foundation.framework in Frameworks */,
			);
			runOnlyForDeploymentPostprocessing = 0;
		};
/* End PBXFrameworksBuildPhase section */

/* Begin PBXGroup section */
		4662DACB19587AE10087CA99 = {
			isa = PBXGroup;
			children = (
				4662DADD19587AE10087CA99 /* WaterfallLayout */,
				4662DADE19587AE10087CA99 /* Supporting Files */,
				4662DAD619587AE10087CA99 /* Frameworks */,
				4662DAD519587AE10087CA99 /* Products */,
			);
			sourceTree = "<group>";
		};
		4662DAD519587AE10087CA99 /* Products */ = {
			isa = PBXGroup;
			children = (
				4662DAD419587AE10087CA99 /* WaterfallLayout.app */,
			);
			name = Products;
			sourceTree = "<group>";
		};
		4662DAD619587AE10087CA99 /* Frameworks */ = {
			isa = PBXGroup;
			children = (
				4662DAD719587AE10087CA99 /* Foundation.framework */,
				4662DAD919587AE10087CA99 /* CoreGraphics.framework */,
				4662DADB19587AE10087CA99 /* UIKit.framework */,
				4662DAF019587AE10087CA99 /* XCTest.framework */,
			);
			name = Frameworks;
			sourceTree = "<group>";
		};
		4662DADD19587AE10087CA99 /* WaterfallLayout */ = {
			isa = PBXGroup;
			children = (
				4662DAE619587AE10087CA99 /* AppDelegate.h */,
				4662DAE719587AE10087CA99 /* AppDelegate.m */,
				4662DB0919587BE20087CA99 /* ViewController.h */,
				4662DB0A19587BE20087CA99 /* ViewController.m */,
				4662DB0619587B4C0087CA99 /* WaterfallLayout.h */,
				4662DB0719587B4C0087CA99 /* WaterfallLayout.m */,
			);
			path = WaterfallLayout;
			sourceTree = "<group>";
		};
		4662DADE19587AE10087CA99 /* Supporting Files */ = {
			isa = PBXGroup;
			children = (
				4662DADF19587AE10087CA99 /* WaterfallLayout-Info.plist */,
				4662DAE019587AE10087CA99 /* InfoPlist.strings */,
				4662DAE319587AE10087CA99 /* main.m */,
				4662DAE519587AE10087CA99 /* WaterfallLayout-Prefix.pch */,
				4662DAE919587AE10087CA99 /* Images.xcassets */,
			);
			name = "Supporting Files";
			path = WaterfallLayout;
			sourceTree = "<group>";
		};
/* End PBXGroup section */

/* Begin PBXNativeTarget section */
		4662DAD319587AE10087CA99 /* WaterfallLayout */ = {
			isa = PBXNativeTarget;
			buildConfigurationList = 4662DB0019587AE10087CA99 /* Build configuration list for PBXNativeTarget "WaterfallLayout" */;
			buildPhases = (
				4662DAD019587AE10087CA99 /* Sources */,
				4662DAD119587AE10087CA99 /* Frameworks */,
				4662DAD219587AE10087CA99 /* Resources */,
			);
			buildRules = (
			);
			dependencies = (
			);
			name = WaterfallLayout;
			productName = WaterfallLayout;
			productReference = 4662DAD419587AE10087CA99 /* WaterfallLayout.app */;
			productType = "com.apple.product-type.application";
		};
/* End PBXNativeTarget section */

/* Begin PBXProject section */
		4662DACC19587AE10087CA99 /* Project object */ = {
			isa = PBXProject;
			attributes = {
				LastUpgradeCheck = 0510;
				ORGANIZATIONNAME = "Russell Research Corporation";
			};
			buildConfigurationList = 4662DACF19587AE10087CA99 /* Build configuration list for PBXProject "WaterfallLayout" */;
			compatibilityVersion = "Xcode 3.2";
			developmentRegion = English;
			hasScannedForEncodings = 0;
			knownRegions = (
				en,
			);
			mainGroup = 4662DACB19587AE10087CA99;
			productRefGroup = 4662DAD519587AE10087CA99 /* Products */;
			projectDirPath = "";
			projectRoot = "";
			targets = (
				4662DAD319587AE10087CA99 /* WaterfallLayout */,
			);
		};
/* End PBXProject section */

/* Begin PBXResourcesBuildPhase section */
		4662DAD219587AE10087CA99 /* Resources */ = {
			isa = PBXResourcesBuildPhase;
			buildActionMask = 2147483647;
			files = (
				4662DAE219587AE10087CA99 /* InfoPlist.strings in Resources */,
				4662DAEA19587AE10087CA99 /* Images.xcassets in Resources */,
			);
			runOnlyForDeploymentPostprocessing = 0;
		};
/* End PBXResourcesBuildPhase section */

/* Begin PBXSourcesBuildPhase section */
		4662DAD019587AE10087CA99 /* Sources */ = {
			isa = PBXSourcesBuildPhase;
			buildActionMask = 2147483647;
			files = (
				4662DB0819587B4C0087CA99 /* WaterfallLayout.m in Sources */,
				4662DAE819587AE10087CA99 /* AppDelegate.m in Sources */,
				4662DB0B19587BE20087CA99 /* ViewController.m in Sources */,
				4662DAE419587AE10087CA99 /* main.m in Sources */,
			);
			runOnlyForDeploymentPostprocessing = 0;
		};
/* End PBXSourcesBuildPhase section */

/* Begin PBXVariantGroup section */
		4662DAE019587AE10087CA99 /* InfoPlist.strings */ = {
			isa = PBXVariantGroup;
			children = (
				4662DAE119587AE10087CA99 /* en */,
			);
			name = InfoPlist.strings;
			sourceTree = "<group>";
		};
/* End PBXVariantGroup section */

/* Begin XCBuildConfiguration section */
		4662DAFE19587AE10087CA99 /* Debug */ = {
			isa = XCBuildConfiguration;
			buildSettings = {
				ALWAYS_SEARCH_USER_PATHS = NO;
				CLANG_CXX_LANGUAGE_STANDARD = "gnu++0x";
				CLANG_CXX_LIBRARY = "libc++";
				CLANG_ENABLE_MODULES = YES;
				CLANG_ENABLE_OBJC_ARC = YES;
				CLANG_WARN_BOOL_CONVERSION = YES;
				CLANG_WARN_CONSTANT_CONVERSION = YES;
				CLANG_WARN_DIRECT_OBJC_ISA_USAGE = YES_ERROR;
				CLANG_WARN_EMPTY_BODY = YES;
				CLANG_WARN_ENUM_CONVERSION = YES;
				CLANG_WARN_INT_CONVERSION = YES;
				CLANG_WARN_OBJC_ROOT_CLASS = YES_ERROR;
				CLANG_WARN__DUPLICATE_METHOD_MATCH = YES;
				"CODE_SIGN_IDENTITY[sdk=iphoneos*]" = "iPhone Developer";
				COPY_PHASE_STRIP = NO;
				GCC_C_LANGUAGE_STANDARD = gnu99;
				GCC_DYNAMIC_NO_PIC = NO;
				GCC_OPTIMIZATION_LEVEL = 0;
				GCC_PREPROCESSOR_DEFINITIONS = (
					"DEBUG=1",
					"$(inherited)",
				);
				GCC_SYMBOLS_PRIVATE_EXTERN = NO;
				GCC_WARN_64_TO_32_BIT_CONVERSION = YES;
				GCC_WARN_ABOUT_RETURN_TYPE = YES_ERROR;
				GCC_WARN_UNDECLARED_SELECTOR = YES;
				GCC_WARN_UNINITIALIZED_AUTOS = YES_AGGRESSIVE;
				GCC_WARN_UNUSED_FUNCTION = YES;
				GCC_WARN_UNUSED_VARIABLE = YES;
				IPHONEOS_DEPLOYMENT_TARGET = 7.1;
				ONLY_ACTIVE_ARCH = YES;
				SDKROOT = iphoneos;
				TARGETED_DEVICE_FAMILY = 2;
			};
			name = Debug;
		};
		4662DAFF19587AE10087CA99 /* Release */ = {
			isa = XCBuildConfiguration;
			buildSettings = {
				ALWAYS_SEARCH_USER_PATHS = NO;
				CLANG_CXX_LANGUAGE_STANDARD = "gnu++0x";
				CLANG_CXX_LIBRARY = "libc++";
				CLANG_ENABLE_MODULES = YES;
				CLANG_ENABLE_OBJC_ARC = YES;
				CLANG_WARN_BOOL_CONVERSION = YES;
				CLANG_WARN_CONSTANT_CONVERSION = YES;
				CLANG_WARN_DIRECT_OBJC_ISA_USAGE = YES_ERROR;
				CLANG_WARN_EMPTY_BODY = YES;
				CLANG_WARN_ENUM_CONVERSION = YES;
				CLANG_WARN_INT_CONVERSION = YES;
				CLANG_WARN_OBJC_ROOT_CLASS = YES_ERROR;
				CLANG_WARN__DUPLICATE_METHOD_MATCH = YES;
				"CODE_SIGN_IDENTITY[sdk=iphoneos*]" = "iPhone Developer";
				COPY_PHASE_STRIP = YES;
				ENABLE_NS_ASSERTIONS = NO;
				GCC_C_LANGUAGE_STANDARD = gnu99;
				GCC_WARN_64_TO_32_BIT_CONVERSION = YES;
				GCC_WARN_ABOUT_RETURN_TYPE = YES_ERROR;
				GCC_WARN_UNDECLARED_SELECTOR = YES;
				GCC_WARN_UNINITIALIZED_AUTOS = YES_AGGRESSIVE;
				GCC_WARN_UNUSED_FUNCTION = YES;
				GCC_WARN_UNUSED_VARIABLE = YES;
				IPHONEOS_DEPLOYMENT_TARGET = 7.1;
				SDKROOT = iphoneos;
				TARGETED_DEVICE_FAMILY = 2;
				VALIDATE_PRODUCT = YES;
			};
			name = Release;
		};
		4662DB0119587AE10087CA99 /* Debug */ = {
			isa = XCBuildConfiguration;
			buildSettings = {
				ASSETCATALOG_COMPILER_APPICON_NAME = AppIcon;
				ASSETCATALOG_COMPILER_LAUNCHIMAGE_NAME = LaunchImage;
				GCC_PRECOMPILE_PREFIX_HEADER = YES;
				GCC_PREFIX_HEADER = "WaterfallLayout/WaterfallLayout-Prefix.pch";
				INFOPLIST_FILE = "WaterfallLayout/WaterfallLayout-Info.plist";
				PRODUCT_NAME = "$(TARGET_NAME)";
				WRAPPER_EXTENSION = app;
			};
			name = Debug;
		};
		4662DB0219587AE10087CA99 /* Release */ = {
			isa = XCBuildConfiguration;
			buildSettings = {
				ASSETCATALOG_COMPILER_APPICON_NAME = AppIcon;
				ASSETCATALOG_COMPILER_LAUNCHIMAGE_NAME = LaunchImage;
				GCC_PRECOMPILE_PREFIX_HEADER = YES;
				GCC_PREFIX_HEADER = "WaterfallLayout/WaterfallLayout-Prefix.pch";
				INFOPLIST_FILE = "WaterfallLayout/WaterfallLayout-Info.plist";
				PRODUCT_NAME = "$(TARGET_NAME)";
				WRAPPER_EXTENSION = app;
			};
			name = Release;
		};
/* End XCBuildConfiguration section */

/* Begin XCConfigurationList section */
		4662DACF19587AE10087CA99 /* Build configuration list for PBXProject "WaterfallLayout" */ = {
			isa = XCConfigurationList;
			buildConfigurations = (
				4662DAFE19587AE10087CA99 /* Debug */,
				4662DAFF19587AE10087CA99 /* Release */,
			);
			defaultConfigurationIsVisible = 0;
			defaultConfigurationName = Release;
		};
		4662DB0019587AE10087CA99 /* Build configuration list for PBXNativeTarget "WaterfallLayout" */ = {
			isa = XCConfigurationList;
			buildConfigurations = (
				4662DB0119587AE10087CA99 /* Debug */,
				4662DB0219587AE10087CA99 /* Release */,
			);
			defaultConfigurationIsVisible = 0;
		};
/* End XCConfigurationList section */
	};
	rootObject = 4662DACC19587AE10087CA99 /* Project object */;
}
